
Microsoft Visual Studio Solution File, Format Version 12.00
# Visual Studio Version 17
VisualStudioVersion = 17.11.35327.3
MinimumVisualStudioVersion = 10.0.40219.1
Project("{FAE04EC0-301F-11D3-BF4B-00C04F79EFBC}") = "WebApplication1", "WebApplication1.csproj", "{674B9E9E-4CDB-4240-9327-18EDD17DD407}"
EndProject
Global
	GlobalSection(SolutionConfigurationPlatforms) = preSolution
		Debug|Any CPU = Debug|Any CPU
		Release|Any CPU = Release|Any CPU
	EndGlobalSection
	GlobalSection(ProjectConfigurationPlatforms) = postSolution
		{674B9E9E-4CDB-4240-9327-18EDD17DD407}.Debug|Any CPU.ActiveCfg = Debug|Any CPU
		{674B9E9E-4CDB-4240-9327-18EDD17DD407}.Debug|Any CPU.Build.0 = Debug|Any CPU
		{674B9E9E-4CDB-4240-9327-18EDD17DD407}.Release|Any CPU.ActiveCfg = Release|Any CPU
		{674B9E9E-4CDB-4240-9327-18EDD17DD407}.Release|Any CPU.Build.0 = Release|Any CPU
	EndGlobalSection
	GlobalSection(SolutionProperties) = preSolution
		HideSolutionNode = FALSE
	EndGlobalSection
	GlobalSection(ExtensibilityGlobals) = postSolution
		SolutionGuid = {1B680497-18FC-49C5-B5D9-A5D78B698C1A}
	EndGlobalSection
EndGlobal
